
Microsoft Visual Studio Solution File, Format Version 12.00
# Visual Studio Version 16
VisualStudioVersion = 16.0.29509.3
MinimumVisualStudioVersion = 10.0.40219.1
Project("{FAE04EC0-301F-11D3-BF4B-00C04F79EFBC}") = "CodingTests", "CodingTests.csproj", "{BAD41681-9CDD-4C90-98A7-E09AB8086E4F}"
EndProject
Global
	GlobalSection(SolutionConfigurationPlatforms) = preSolution
		Debug|Any CPU = Debug|Any CPU
		Release|Any CPU = Release|Any CPU
	EndGlobalSection
	GlobalSection(ProjectConfigurationPlatforms) = postSolution
		{BAD41681-9CDD-4C90-98A7-E09AB8086E4F}.Debug|Any CPU.ActiveCfg = Debug|Any CPU
		{BAD41681-9CDD-4C90-98A7-E09AB8086E4F}.Debug|Any CPU.Build.0 = Debug|Any CPU
		{BAD41681-9CDD-4C90-98A7-E09AB8086E4F}.Release|Any CPU.ActiveCfg = Release|Any CPU
		{BAD41681-9CDD-4C90-98A7-E09AB8086E4F}.Release|Any CPU.Build.0 = Release|Any CPU
	EndGlobalSection
	GlobalSection(SolutionProperties) = preSolution
		HideSolutionNode = FALSE
	EndGlobalSection
	GlobalSection(ExtensibilityGlobals) = postSolution
		SolutionGuid = {68FAF103-3536-4C4F-8101-49C7C73E7783}
	EndGlobalSection
EndGlobal
